
Microsoft Visual Studio Solution File, Format Version 12.00
# Visual Studio Version 16
VisualStudioVersion = 16.0.30413.136
MinimumVisualStudioVersion = 10.0.40219.1
Project("{FAE04EC0-301F-11D3-BF4B-00C04F79EFBC}") = "MessageAPI", "MessageAPI\MessageAPI.csproj", "{8EBD8E36-6E25-452C-BCC0-0EECE8A8D918}"
EndProject
Global
	GlobalSection(SolutionConfigurationPlatforms) = preSolution
		Debug|Any CPU = Debug|Any CPU
		Release|Any CPU = Release|Any CPU
	EndGlobalSection
	GlobalSection(ProjectConfigurationPlatforms) = postSolution
		{8EBD8E36-6E25-452C-BCC0-0EECE8A8D918}.Debug|Any CPU.ActiveCfg = Debug|Any CPU
		{8EBD8E36-6E25-452C-BCC0-0EECE8A8D918}.Debug|Any CPU.Build.0 = Debug|Any CPU
		{8EBD8E36-6E25-452C-BCC0-0EECE8A8D918}.Release|Any CPU.ActiveCfg = Release|Any CPU
		{8EBD8E36-6E25-452C-BCC0-0EECE8A8D918}.Release|Any CPU.Build.0 = Release|Any CPU
	EndGlobalSection
	GlobalSection(SolutionProperties) = preSolution
		HideSolutionNode = FALSE
	EndGlobalSection
	GlobalSection(ExtensibilityGlobals) = postSolution
		SolutionGuid = {C282DF36-01AD-4938-B5EE-FCB29297A53D}
	EndGlobalSection
EndGlobal
